{
  "name": "template",
  "version": "1.0.0",
  "lockfileVersion": 1,
  "requires": true,
  "dependencies": {
    "@fortawesome/fontawesome-free": {
      "version": "5.12.1",
      "resolved": "https://registry.npmjs.org/@fortawesome/fontawesome-free/-/fontawesome-free-5.12.1.tgz",
      "integrity": "sha512-ZtjIIFplxncqxvogq148C3hBLQE+W3iJ8E4UvJ09zIJUgzwLcROsWwFDErVSXY2Plzao5J9KUYNHKHMEUYDMKw=="
    },
    "bootstrap": {
      "version": "4.4.1",
      "resolved": "https://registry.npmjs.org/bootstrap/-/bootstrap-4.4.1.tgz",
      "integrity": "sha512-tbx5cHubwE6e2ZG7nqM3g/FZ5PQEDMWmMGNrCUBVRPHXTJaH7CBDdsLeu3eCh3B1tzAxTnAbtmrzvWEvT2NNEA=="
    },
    "gritter": {
      "version": "1.7.4",
      "resolved": "https://registry.npmjs.org/gritter/-/gritter-1.7.4.tgz",
      "integrity": "sha1-zbg5gr0Z4s6TvnOXHhMgoyYRM+E="
    },
    "jquery": {
      "version": "3.4.1",
      "resolved": "https://registry.npmjs.org/jquery/-/jquery-3.4.1.tgz",
      "integrity": "sha512-36+AdBzCL+y6qjw5Tx7HgzeGCzC81MDDgaUP8ld2zhx58HdqXGoBd+tHdrBMiyjGQs0Hxs/MLZTu/eHNJJuWPw=="
    },
    "sweetalert2": {
      "version": "9.10.0",
      "resolved": "https://registry.npmjs.org/sweetalert2/-/sweetalert2-9.10.0.tgz",
      "integrity": "sha512-HYLRj1zuXtrMrYh2kzrRNzmcDIuNBsIB7ZN0AZctFaVS433QnnL/ihLoRm0COTqy38KOhYwKK1PMYVK/1rQ0Lg=="
    }
  }
}
